
Microsoft Visual Studio Solution File, Format Version 12.00
# Visual Studio Version 17
VisualStudioVersion = 17.0.31903.59
MinimumVisualStudioVersion = 10.0.40219.1
Project("{FAE04EC0-301F-11D3-BF4B-00C04F79EFBC}") = "BlazorOnionDemo.WebUi", "BlazorOnionDemo.WebUi\BlazorOnionDemo.WebUi.csproj", "{6E58B404-1812-4457-ADDE-1135C19897AC}"
EndProject
Project("{FAE04EC0-301F-11D3-BF4B-00C04F79EFBC}") = "BlazorOnionDemo.Application", "BlazorOnionDemo.Application\BlazorOnionDemo.Application.csproj", "{FBB83232-7F99-4B98-9830-6C07B4F541A4}"
EndProject
Project("{FAE04EC0-301F-11D3-BF4B-00C04F79EFBC}") = "BlazorOnionDemo.Domain", "BlazorOnionDemo.Domain\BlazorOnionDemo.Domain.csproj", "{6DE1EFCC-D41B-4AA6-A749-902AC6B30905}"
EndProject
Project("{FAE04EC0-301F-11D3-BF4B-00C04F79EFBC}") = "BlazorOnionDemo.Infrastructure", "BlazorOnionDemo.Infrastructure\BlazorOnionDemo.Infrastructure.csproj", "{50725863-21B1-415C-A284-800FEBBD5B48}"
EndProject
Project("{FAE04EC0-301F-11D3-BF4B-00C04F79EFBC}") = "BlazorOnionDemo.Domain.Test", "BlazorOnionDemo.Domain.Test\BlazorOnionDemo.Domain.Test.csproj", "{B48E6FD2-2976-4AC9-B1BF-15BFF5E5B900}"
EndProject
Global
	GlobalSection(SolutionConfigurationPlatforms) = preSolution
		Debug|Any CPU = Debug|Any CPU
		Debug|x64 = Debug|x64
		Debug|x86 = Debug|x86
		Release|Any CPU = Release|Any CPU
		Release|x64 = Release|x64
		Release|x86 = Release|x86
	EndGlobalSection
	GlobalSection(ProjectConfigurationPlatforms) = postSolution
		{6E58B404-1812-4457-ADDE-1135C19897AC}.Debug|Any CPU.ActiveCfg = Debug|Any CPU
		{6E58B404-1812-4457-ADDE-1135C19897AC}.Debug|Any CPU.Build.0 = Debug|Any CPU
		{6E58B404-1812-4457-ADDE-1135C19897AC}.Debug|x64.ActiveCfg = Debug|Any CPU
		{6E58B404-1812-4457-ADDE-1135C19897AC}.Debug|x64.Build.0 = Debug|Any CPU
		{6E58B404-1812-4457-ADDE-1135C19897AC}.Debug|x86.ActiveCfg = Debug|Any CPU
		{6E58B404-1812-4457-ADDE-1135C19897AC}.Debug|x86.Build.0 = Debug|Any CPU
		{6E58B404-1812-4457-ADDE-1135C19897AC}.Release|Any CPU.ActiveCfg = Release|Any CPU
		{6E58B404-1812-4457-ADDE-1135C19897AC}.Release|Any CPU.Build.0 = Release|Any CPU
		{6E58B404-1812-4457-ADDE-1135C19897AC}.Release|x64.ActiveCfg = Release|Any CPU
		{6E58B404-1812-4457-ADDE-1135C19897AC}.Release|x64.Build.0 = Release|Any CPU
		{6E58B404-1812-4457-ADDE-1135C19897AC}.Release|x86.ActiveCfg = Release|Any CPU
		{6E58B404-1812-4457-ADDE-1135C19897AC}.Release|x86.Build.0 = Release|Any CPU
		{FBB83232-7F99-4B98-9830-6C07B4F541A4}.Debug|Any CPU.ActiveCfg = Debug|Any CPU
		{FBB83232-7F99-4B98-9830-6C07B4F541A4}.Debug|Any CPU.Build.0 = Debug|Any CPU
		{FBB83232-7F99-4B98-9830-6C07B4F541A4}.Debug|x64.ActiveCfg = Debug|Any CPU
		{FBB83232-7F99-4B98-9830-6C07B4F541A4}.Debug|x64.Build.0 = Debug|Any CPU
		{FBB83232-7F99-4B98-9830-6C07B4F541A4}.Debug|x86.ActiveCfg = Debug|Any CPU
		{FBB83232-7F99-4B98-9830-6C07B4F541A4}.Debug|x86.Build.0 = Debug|Any CPU
		{FBB83232-7F99-4B98-9830-6C07B4F541A4}.Release|Any CPU.ActiveCfg = Release|Any CPU
		{FBB83232-7F99-4B98-9830-6C07B4F541A4}.Release|Any CPU.Build.0 = Release|Any CPU
		{FBB83232-7F99-4B98-9830-6C07B4F541A4}.Release|x64.ActiveCfg = Release|Any CPU
		{FBB83232-7F99-4B98-9830-6C07B4F541A4}.Release|x64.Build.0 = Release|Any CPU
		{FBB83232-7F99-4B98-9830-6C07B4F541A4}.Release|x86.ActiveCfg = Release|Any CPU
		{FBB83232-7F99-4B98-9830-6C07B4F541A4}.Release|x86.Build.0 = Release|Any CPU
		{6DE1EFCC-D41B-4AA6-A749-902AC6B30905}.Debug|Any CPU.ActiveCfg = Debug|Any CPU
		{6DE1EFCC-D41B-4AA6-A749-902AC6B30905}.Debug|Any CPU.Build.0 = Debug|Any CPU
		{6DE1EFCC-D41B-4AA6-A749-902AC6B30905}.Debug|x64.ActiveCfg = Debug|Any CPU
		{6DE1EFCC-D41B-4AA6-A749-902AC6B30905}.Debug|x64.Build.0 = Debug|Any CPU
		{6DE1EFCC-D41B-4AA6-A749-902AC6B30905}.Debug|x86.ActiveCfg = Debug|Any CPU
		{6DE1EFCC-D41B-4AA6-A749-902AC6B30905}.Debug|x86.Build.0 = Debug|Any CPU
		{6DE1EFCC-D41B-4AA6-A749-902AC6B30905}.Release|Any CPU.ActiveCfg = Release|Any CPU
		{6DE1EFCC-D41B-4AA6-A749-902AC6B30905}.Release|Any CPU.Build.0 = Release|Any CPU
		{6DE1EFCC-D41B-4AA6-A749-902AC6B30905}.Release|x64.ActiveCfg = Release|Any CPU
		{6DE1EFCC-D41B-4AA6-A749-902AC6B30905}.Release|x64.Build.0 = Release|Any CPU
		{6DE1EFCC-D41B-4AA6-A749-902AC6B30905}.Release|x86.ActiveCfg = Release|Any CPU
		{6DE1EFCC-D41B-4AA6-A749-902AC6B30905}.Release|x86.Build.0 = Release|Any CPU
		{50725863-21B1-415C-A284-800FEBBD5B48}.Debug|Any CPU.ActiveCfg = Debug|Any CPU
		{50725863-21B1-415C-A284-800FEBBD5B48}.Debug|Any CPU.Build.0 = Debug|Any CPU
		{50725863-21B1-415C-A284-800FEBBD5B48}.Debug|x64.ActiveCfg = Debug|Any CPU
		{50725863-21B1-415C-A284-800FEBBD5B48}.Debug|x64.Build.0 = Debug|Any CPU
		{50725863-21B1-415C-A284-800FEBBD5B48}.Debug|x86.ActiveCfg = Debug|Any CPU
		{50725863-21B1-415C-A284-800FEBBD5B48}.Debug|x86.Build.0 = Debug|Any CPU
		{50725863-21B1-415C-A284-800FEBBD5B48}.Release|Any CPU.ActiveCfg = Release|Any CPU
		{50725863-21B1-415C-A284-800FEBBD5B48}.Release|Any CPU.Build.0 = Release|Any CPU
		{50725863-21B1-415C-A284-800FEBBD5B48}.Release|x64.ActiveCfg = Release|Any CPU
		{50725863-21B1-415C-A284-800FEBBD5B48}.Release|x64.Build.0 = Release|Any CPU
		{50725863-21B1-415C-A284-800FEBBD5B48}.Release|x86.ActiveCfg = Release|Any CPU
		{50725863-21B1-415C-A284-800FEBBD5B48}.Release|x86.Build.0 = Release|Any CPU
		{B48E6FD2-2976-4AC9-B1BF-15BFF5E5B900}.Debug|Any CPU.ActiveCfg = Debug|Any CPU
		{B48E6FD2-2976-4AC9-B1BF-15BFF5E5B900}.Debug|Any CPU.Build.0 = Debug|Any CPU
		{B48E6FD2-2976-4AC9-B1BF-15BFF5E5B900}.Debug|x64.ActiveCfg = Debug|Any CPU
		{B48E6FD2-2976-4AC9-B1BF-15BFF5E5B900}.Debug|x64.Build.0 = Debug|Any CPU
		{B48E6FD2-2976-4AC9-B1BF-15BFF5E5B900}.Debug|x86.ActiveCfg = Debug|Any CPU
		{B48E6FD2-2976-4AC9-B1BF-15BFF5E5B900}.Debug|x86.Build.0 = Debug|Any CPU
		{B48E6FD2-2976-4AC9-B1BF-15BFF5E5B900}.Release|Any CPU.ActiveCfg = Release|Any CPU
		{B48E6FD2-2976-4AC9-B1BF-15BFF5E5B900}.Release|Any CPU.Build.0 = Release|Any CPU
		{B48E6FD2-2976-4AC9-B1BF-15BFF5E5B900}.Release|x64.ActiveCfg = Release|Any CPU
		{B48E6FD2-2976-4AC9-B1BF-15BFF5E5B900}.Release|x64.Build.0 = Release|Any CPU
		{B48E6FD2-2976-4AC9-B1BF-15BFF5E5B900}.Release|x86.ActiveCfg = Release|Any CPU
		{B48E6FD2-2976-4AC9-B1BF-15BFF5E5B900}.Release|x86.Build.0 = Release|Any CPU
	EndGlobalSection
	GlobalSection(SolutionProperties) = preSolution
		HideSolutionNode = FALSE
	EndGlobalSection
EndGlobal
